// !$*UTF8*$!
{
	archiveVersion = 1;
	classes = {
	};
	objectVersion = 46;
	objects = {

/* Begin PBXBuildFile section */
		1ECCA1CC1E4245A700FF81C7 /* AppDelegate.swift in Sources */ = {isa = PBXBuildFile; fileRef = 1ECCA1CB1E4245A700FF81C7 /* AppDelegate.swift */; };
		1ECCA1CE1E4245A700FF81C7 /* ViewController.swift in Sources */ = {isa = PBXBuildFile; fileRef = 1ECCA1CD1E4245A700FF81C7 /* ViewController.swift */; };
		1ECCA1D11E4245A700FF81C7 /* Main.storyboard in Resources */ = {isa = PBXBuildFile; fileRef = 1ECCA1CF1E4245A700FF81C7 /* Main.storyboard */; };
		1ECCA1D31E4245A700FF81C7 /* Assets.xcassets in Resources */ = {isa = PBXBuildFile; fileRef = 1ECCA1D21E4245A700FF81C7 /* Assets.xcassets */; };
		1ECCA1D61E4245A700FF81C7 /* LaunchScreen.storyboard in Resources */ = {isa = PBXBuildFile; fileRef = 1ECCA1D41E4245A700FF81C7 /* LaunchScreen.storyboard */; };
		1ECCA1DE1E42464600FF81C7 /* GoogleService-Info.plist in Resources */ = {isa = PBXBuildFile; fileRef = 1ECCA1DD1E42464600FF81C7 /* GoogleService-Info.plist */; };
		C6425394912C9F7052A88E23 /* Pods_FirebaseAuthentication.framework in Frameworks */ = {isa = PBXBuildFile; fileRef = 0869C4DAD6142F6B00CE3872 /* Pods_FirebaseAuthentication.framework */; };
/* End PBXBuildFile section */

/* Begin PBXFileReference section */
		08296D7DCC8E526B96735EF3 /* Pods-FirebaseAuthentication.release.xcconfig */ = {isa = PBXFileReference; includeInIndex = 1; lastKnownFileType = text.xcconfig; name = "Pods-FirebaseAuthentication.release.xcconfig"; path = "Pods/Target Support Files/Pods-FirebaseAuthentication/Pods-FirebaseAuthentication.release.xcconfig"; sourceTree = "<group>"; };
		0869C4DAD6142F6B00CE3872 /* Pods_FirebaseAuthentication.framework */ = {isa = PBXFileReference; explicitFileType = wrapper.framework; includeInIndex = 0; path = Pods_FirebaseAuthentication.framework; sourceTree = BUILT_PRODUCTS_DIR; };
		1ECCA1C81E4245A700FF81C7 /* FirebaseAuthentication.app */ = {isa = PBXFileReference; explicitFileType = wrapper.application; includeInIndex = 0; path = FirebaseAuthentication.app; sourceTree = BUILT_PRODUCTS_DIR; };
		1ECCA1CB1E4245A700FF81C7 /* AppDelegate.swift */ = {isa = PBXFileReference; lastKnownFileType = sourcecode.swift; path = AppDelegate.swift; sourceTree = "<group>"; };
		1ECCA1CD1E4245A700FF81C7 /* ViewController.swift */ = {isa = PBXFileReference; lastKnownFileType = sourcecode.swift; path = ViewController.swift; sourceTree = "<group>"; };
		1ECCA1D01E4245A700FF81C7 /* Base */ = {isa = PBXFileReference; lastKnownFileType = file.storyboard; name = Base; path = Base.lproj/Main.storyboard; sourceTree = "<group>"; };
		1ECCA1D21E4245A700FF81C7 /* Assets.xcassets */ = {isa = PBXFileReference; lastKnownFileType = folder.assetcatalog; path = Assets.xcassets; sourceTree = "<group>"; };
		1ECCA1D51E4245A700FF81C7 /* Base */ = {isa = PBXFileReference; lastKnownFileType = file.storyboard; name = Base; path = Base.lproj/LaunchScreen.storyboard; sourceTree = "<group>"; };
		1ECCA1D71E4245A700FF81C7 /* Info.plist */ = {isa = PBXFileReference; lastKnownFileType = text.plist.xml; path = Info.plist; sourceTree = "<group>"; };
		1ECCA1DD1E42464600FF81C7 /* GoogleService-Info.plist */ = {isa = PBXFileReference; fileEncoding = 4; lastKnownFileType = text.plist.xml; path = "GoogleService-Info.plist"; sourceTree = "<group>"; };
		C8EAF7EFAA7597F9B4D37807 /* Pods-FirebaseAuthentication.debug.xcconfig */ = {isa = PBXFileReference; includeInIndex = 1; lastKnownFileType = text.xcconfig; name = "Pods-FirebaseAuthentication.debug.xcconfig"; path = "Pods/Target Support Files/Pods-FirebaseAuthentication/Pods-FirebaseAuthentication.debug.xcconfig"; sourceTree = "<group>"; };
/* End PBXFileReference section */

/* Begin PBXFrameworksBuildPhase section */
		1ECCA1C51E4245A700FF81C7 /* Frameworks */ = {
			isa = PBXFrameworksBuildPhase;
			buildActionMask = 2147483647;
			files = (
				C6425394912C9F7052A88E23 /* Pods_FirebaseAuthentication.framework in Frameworks */,
			);
			runOnlyForDeploymentPostprocessing = 0;
		};
/* End PBXFrameworksBuildPhase section */

/* Begin PBXGroup section */
		1ECCA1BF1E4245A700FF81C7 = {
			isa = PBXGroup;
			children = (
				1ECCA1CA1E4245A700FF81C7 /* FirebaseAuthentication */,
				1ECCA1C91E4245A700FF81C7 /* Products */,
				55F23460F96B8FF1704DF772 /* Pods */,
				CF5CB570A97834177D752065 /* Frameworks */,
			);
			sourceTree = "<group>";
		};
		1ECCA1C91E4245A700FF81C7 /* Products */ = {
			isa = PBXGroup;
			children = (
				1ECCA1C81E4245A700FF81C7 /* FirebaseAuthentication.app */,
			);
			name = Products;
			sourceTree = "<group>";
		};
		1ECCA1CA1E4245A700FF81C7 /* FirebaseAuthentication */ = {
			isa = PBXGroup;
			children = (
				1ECCA1CB1E4245A700FF81C7 /* AppDelegate.swift */,
				1ECCA1CD1E4245A700FF81C7 /* ViewController.swift */,
				1ECCA1CF1E4245A700FF81C7 /* Main.storyboard */,
				1ECCA1D21E4245A700FF81C7 /* Assets.xcassets */,
				1ECCA1D41E4245A700FF81C7 /* LaunchScreen.storyboard */,
				1ECCA1D71E4245A700FF81C7 /* Info.plist */,
				1ECCA1DD1E42464600FF81C7 /* GoogleService-Info.plist */,
			);
			path = FirebaseAuthentication;
			sourceTree = "<group>";
		};
		55F23460F96B8FF1704DF772 /* Pods */ = {
			isa = PBXGroup;
			children = (
				C8EAF7EFAA7597F9B4D37807 /* Pods-FirebaseAuthentication.debug.xcconfig */,
				08296D7DCC8E526B96735EF3 /* Pods-FirebaseAuthentication.release.xcconfig */,
			);
			name = Pods;
			sourceTree = "<group>";
		};
		CF5CB570A97834177D752065 /* Frameworks */ = {
			isa = PBXGroup;
			children = (
				0869C4DAD6142F6B00CE3872 /* Pods_FirebaseAuthentication.framework */,
			);
			name = Frameworks;
			sourceTree = "<group>";
		};
/* End PBXGroup section */

/* Begin PBXNativeTarget section */
		1ECCA1C71E4245A700FF81C7 /* FirebaseAuthentication */ = {
			isa = PBXNativeTarget;
			buildConfigurationList = 1ECCA1DA1E4245A700FF81C7 /* Build configuration list for PBXNativeTarget "FirebaseAuthentication" */;
			buildPhases = (
				F22E6790B0BBDA3711B00CBC /* [CP] Check Pods Manifest.lock */,
				1ECCA1C41E4245A700FF81C7 /* Sources */,
				1ECCA1C51E4245A700FF81C7 /* Frameworks */,
				1ECCA1C61E4245A700FF81C7 /* Resources */,
				9C583BC0FED06D1BC0CF8949 /* [CP] Embed Pods Frameworks */,
				77AC5C63BB3F1D58AD1328BC /* [CP] Copy Pods Resources */,
			);
			buildRules = (
			);
			dependencies = (
			);
			name = FirebaseAuthentication;
			productName = FirebaseAuthentication;
			productReference = 1ECCA1C81E4245A700FF81C7 /* FirebaseAuthentication.app */;
			productType = "com.apple.product-type.application";
		};
/* End PBXNativeTarget section */

/* Begin PBXProject section */
		1ECCA1C01E4245A700FF81C7 /* Project object */ = {
			isa = PBXProject;
			attributes = {
				LastSwiftUpdateCheck = 0820;
				LastUpgradeCheck = 0820;
				ORGANIZATIONNAME = C4Q;
				TargetAttributes = {
					1ECCA1C71E4245A700FF81C7 = {
						CreatedOnToolsVersion = 8.2.1;
						ProvisioningStyle = Automatic;
					};
				};
			};
			buildConfigurationList = 1ECCA1C31E4245A700FF81C7 /* Build configuration list for PBXProject "FirebaseAuthentication" */;
			compatibilityVersion = "Xcode 3.2";
			developmentRegion = English;
			hasScannedForEncodings = 0;
			knownRegions = (
				en,
				Base,
			);
			mainGroup = 1ECCA1BF1E4245A700FF81C7;
			productRefGroup = 1ECCA1C91E4245A700FF81C7 /* Products */;
			projectDirPath = "";
			projectRoot = "";
			targets = (
				1ECCA1C71E4245A700FF81C7 /* FirebaseAuthentication */,
			);
		};
/* End PBXProject section */

/* Begin PBXResourcesBuildPhase section */
		1ECCA1C61E4245A700FF81C7 /* Resources */ = {
			isa = PBXResourcesBuildPhase;
			buildActionMask = 2147483647;
			files = (
				1ECCA1D61E4245A700FF81C7 /* LaunchScreen.storyboard in Resources */,
				1ECCA1DE1E42464600FF81C7 /* GoogleService-Info.plist in Resources */,
				1ECCA1D31E4245A700FF81C7 /* Assets.xcassets in Resources */,
				1ECCA1D11E4245A700FF81C7 /* Main.storyboard in Resources */,
			);
			runOnlyForDeploymentPostprocessing = 0;
		};
/* End PBXResourcesBuildPhase section */

/* Begin PBXShellScriptBuildPhase section */
		77AC5C63BB3F1D58AD1328BC /* [CP] Copy Pods Resources */ = {
			isa = PBXShellScriptBuildPhase;
			buildActionMask = 2147483647;
			files = (
			);
			inputPaths = (
			);
			name = "[CP] Copy Pods Resources";
			outputPaths = (
			);
			runOnlyForDeploymentPostprocessing = 0;
			shellPath = /bin/sh;
			shellScript = "\"${SRCROOT}/Pods/Target Support Files/Pods-FirebaseAuthentication/Pods-FirebaseAuthentication-resources.sh\"\n";
			showEnvVarsInLog = 0;
		};
		9C583BC0FED06D1BC0CF8949 /* [CP] Embed Pods Frameworks */ = {
			isa = PBXShellScriptBuildPhase;
			buildActionMask = 2147483647;
			files = (
			);
			inputPaths = (
			);
			name = "[CP] Embed Pods Frameworks";
			outputPaths = (
			);
			runOnlyForDeploymentPostprocessing = 0;
			shellPath = /bin/sh;
			shellScript = "\"${SRCROOT}/Pods/Target Support Files/Pods-FirebaseAuthentication/Pods-FirebaseAuthentication-frameworks.sh\"\n";
			showEnvVarsInLog = 0;
		};
		F22E6790B0BBDA3711B00CBC /* [CP] Check Pods Manifest.lock */ = {
			isa = PBXShellScriptBuildPhase;
			buildActionMask = 2147483647;
			files = (
			);
			inputPaths = (
			);
			name = "[CP] Check Pods Manifest.lock";
			outputPaths = (
			);
			runOnlyForDeploymentPostprocessing = 0;
			shellPath = /bin/sh;
			shellScript = "diff \"${PODS_ROOT}/../Podfile.lock\" \"${PODS_ROOT}/Manifest.lock\" > /dev/null\nif [[ $? != 0 ]] ; then\n    cat << EOM\nerror: The sandbox is not in sync with the Podfile.lock. Run 'pod install' or update your CocoaPods installation.\nEOM\n    exit 1\nfi\n";
			showEnvVarsInLog = 0;
		};
/* End PBXShellScriptBuildPhase section */

/* Begin PBXSourcesBuildPhase section */
		1ECCA1C41E4245A700FF81C7 /* Sources */ = {
			isa = PBXSourcesBuildPhase;
			buildActionMask = 2147483647;
			files = (
				1ECCA1CE1E4245A700FF81C7 /* ViewController.swift in Sources */,
				1ECCA1CC1E4245A700FF81C7 /* AppDelegate.swift in Sources */,
			);
			runOnlyForDeploymentPostprocessing = 0;
		};
/* End PBXSourcesBuildPhase section */

/* Begin PBXVariantGroup section */
		1ECCA1CF1E4245A700FF81C7 /* Main.storyboard */ = {
			isa = PBXVariantGroup;
			children = (
				1ECCA1D01E4245A700FF81C7 /* Base */,
			);
			name = Main.storyboard;
			sourceTree = "<group>";
		};
		1ECCA1D41E4245A700FF81C7 /* LaunchScreen.storyboard */ = {
			isa = PBXVariantGroup;
			children = (
				1ECCA1D51E4245A700FF81C7 /* Base */,
			);
			name = LaunchScreen.storyboard;
			sourceTree = "<group>";
		};
/* End PBXVariantGroup section */

/* Begin XCBuildConfiguration section */
		1ECCA1D81E4245A700FF81C7 /* Debug */ = {
			isa = XCBuildConfiguration;
			buildSettings = {
				ALWAYS_SEARCH_USER_PATHS = NO;
				CLANG_ANALYZER_NONNULL = YES;
				CLANG_CXX_LANGUAGE_STANDARD = "gnu++0x";
				CLANG_CXX_LIBRARY = "libc++";
				CLANG_ENABLE_MODULES = YES;
				CLANG_ENABLE_OBJC_ARC = YES;
				CLANG_WARN_BOOL_CONVERSION = YES;
				CLANG_WARN_CONSTANT_CONVERSION = YES;
				CLANG_WARN_DIRECT_OBJC_ISA_USAGE = YES_ERROR;
				CLANG_WARN_DOCUMENTATION_COMMENTS = YES;
				CLANG_WARN_EMPTY_BODY = YES;
				CLANG_WARN_ENUM_CONVERSION = YES;
				CLANG_WARN_INFINITE_RECURSION = YES;
				CLANG_WARN_INT_CONVERSION = YES;
				CLANG_WARN_OBJC_ROOT_CLASS = YES_ERROR;
				CLANG_WARN_SUSPICIOUS_MOVE = YES;
				CLANG_WARN_UNREACHABLE_CODE = YES;
				CLANG_WARN__DUPLICATE_METHOD_MATCH = YES;
				"CODE_SIGN_IDENTITY[sdk=iphoneos*]" = "iPhone Developer";
				COPY_PHASE_STRIP = NO;
				DEBUG_INFORMATION_FORMAT = dwarf;
				ENABLE_STRICT_OBJC_MSGSEND = YES;
				ENABLE_TESTABILITY = YES;
				GCC_C_LANGUAGE_STANDARD = gnu99;
				GCC_DYNAMIC_NO_PIC = NO;
				GCC_NO_COMMON_BLOCKS = YES;
				GCC_OPTIMIZATION_LEVEL = 0;
				GCC_PREPROCESSOR_DEFINITIONS = (
					"DEBUG=1",
					"$(inherited)",
				);
				GCC_WARN_64_TO_32_BIT_CONVERSION = YES;
				GCC_WARN_ABOUT_RETURN_TYPE = YES_ERROR;
				GCC_WARN_UNDECLARED_SELECTOR = YES;
				GCC_WARN_UNINITIALIZED_AUTOS = YES_AGGRESSIVE;
				GCC_WARN_UNUSED_FUNCTION = YES;
				GCC_WARN_UNUSED_VARIABLE = YES;
				IPHONEOS_DEPLOYMENT_TARGET = 10.2;
				MTL_ENABLE_DEBUG_INFO = YES;
				ONLY_ACTIVE_ARCH = YES;
				SDKROOT = iphoneos;
				SWIFT_ACTIVE_COMPILATION_CONDITIONS = DEBUG;
				SWIFT_OPTIMIZATION_LEVEL = "-Onone";
				TARGETED_DEVICE_FAMILY = "1,2";
			};
			name = Debug;
		};
		1ECCA1D91E4245A700FF81C7 /* Release */ = {
			isa = XCBuildConfiguration;
			buildSettings = {
				ALWAYS_SEARCH_USER_PATHS = NO;
				CLANG_ANALYZER_NONNULL = YES;
				CLANG_CXX_LANGUAGE_STANDARD = "gnu++0x";
				CLANG_CXX_LIBRARY = "libc++";
				CLANG_ENABLE_MODULES = YES;
				CLANG_ENABLE_OBJC_ARC = YES;
				CLANG_WARN_BOOL_CONVERSION = YES;
				CLANG_WARN_CONSTANT_CONVERSION = YES;
				CLANG_WARN_DIRECT_OBJC_ISA_USAGE = YES_ERROR;
				CLANG_WARN_DOCUMENTATION_COMMENTS = YES;
				CLANG_WARN_EMPTY_BODY = YES;
				CLANG_WARN_ENUM_CONVERSION = YES;
				CLANG_WARN_INFINITE_RECURSION = YES;
				CLANG_WARN_INT_CONVERSION = YES;
				CLANG_WARN_OBJC_ROOT_CLASS = YES_ERROR;
				CLANG_WARN_SUSPICIOUS_MOVE = YES;
				CLANG_WARN_UNREACHABLE_CODE = YES;
				CLANG_WARN__DUPLICATE_METHOD_MATCH = YES;
				"CODE_SIGN_IDENTITY[sdk=iphoneos*]" = "iPhone Developer";
				COPY_PHASE_STRIP = NO;
				DEBUG_INFORMATION_FORMAT = "dwarf-with-dsym";
				ENABLE_NS_ASSERTIONS = NO;
				ENABLE_STRICT_OBJC_MSGSEND = YES;
				GCC_C_LANGUAGE_STANDARD = gnu99;
				GCC_NO_COMMON_BLOCKS = YES;
				GCC_WARN_64_TO_32_BIT_CONVERSION = YES;
				GCC_WARN_ABOUT_RETURN_TYPE = YES_ERROR;
				GCC_WARN_UNDECLARED_SELECTOR = YES;
				GCC_WARN_UNINITIALIZED_AUTOS = YES_AGGRESSIVE;
				GCC_WARN_UNUSED_FUNCTION = YES;
				GCC_WARN_UNUSED_VARIABLE = YES;
				IPHONEOS_DEPLOYMENT_TARGET = 10.2;
				MTL_ENABLE_DEBUG_INFO = NO;
				SDKROOT = iphoneos;
				SWIFT_OPTIMIZATION_LEVEL = "-Owholemodule";
				TARGETED_DEVICE_FAMILY = "1,2";
				VALIDATE_PRODUCT = YES;
			};
			name = Release;
		};
		1ECCA1DB1E4245A700FF81C7 /* Debug */ = {
			isa = XCBuildConfiguration;
			baseConfigurationReference = C8EAF7EFAA7597F9B4D37807 /* Pods-FirebaseAuthentication.debug.xcconfig */;
			buildSettings = {
				ASSETCATALOG_COMPILER_APPICON_NAME = AppIcon;
				INFOPLIST_FILE = FirebaseAuthentication/Info.plist;
				LD_RUNPATH_SEARCH_PATHS = "$(inherited) @executable_path/Frameworks";
				PRODUCT_BUNDLE_IDENTIFIER = nyc.c4q.FirebaseAuthentication;
				PRODUCT_NAME = "$(TARGET_NAME)";
				SWIFT_VERSION = 3.0;
			};
			name = Debug;
		};
		1ECCA1DC1E4245A700FF81C7 /* Release */ = {
			isa = XCBuildConfiguration;
			baseConfigurationReference = 08296D7DCC8E526B96735EF3 /* Pods-FirebaseAuthentication.release.xcconfig */;
			buildSettings = {
				ASSETCATALOG_COMPILER_APPICON_NAME = AppIcon;
				INFOPLIST_FILE = FirebaseAuthentication/Info.plist;
				LD_RUNPATH_SEARCH_PATHS = "$(inherited) @executable_path/Frameworks";
				PRODUCT_BUNDLE_IDENTIFIER = nyc.c4q.FirebaseAuthentication;
				PRODUCT_NAME = "$(TARGET_NAME)";
				SWIFT_VERSION = 3.0;
			};
			name = Release;
		};
/* End XCBuildConfiguration section */

/* Begin XCConfigurationList section */
		1ECCA1C31E4245A700FF81C7 /* Build configuration list for PBXProject "FirebaseAuthentication" */ = {
			isa = XCConfigurationList;
			buildConfigurations = (
				1ECCA1D81E4245A700FF81C7 /* Debug */,
				1ECCA1D91E4245A700FF81C7 /* Release */,
			);
			defaultConfigurationIsVisible = 0;
			defaultConfigurationName = Release;
		};
		1ECCA1DA1E4245A700FF81C7 /* Build configuration list for PBXNativeTarget "FirebaseAuthentication" */ = {
			isa = XCConfigurationList;
			buildConfigurations = (
				1ECCA1DB1E4245A700FF81C7 /* Debug */,
				1ECCA1DC1E4245A700FF81C7 /* Release */,
			);
			defaultConfigurationIsVisible = 0;
		};
/* End XCConfigurationList section */
	};
	rootObject = 1ECCA1C01E4245A700FF81C7 /* Project object */;
}
